// !$*UTF8*$!
{
	archiveVersion = 1;
	classes = {
	};
	objectVersion = 46;
	objects = {

/* Begin PBXBuildFile section */
		CC09444B1D96FCB3006641F9 /* AppDelegate.swift in Sources */ = {isa = PBXBuildFile; fileRef = CC09444A1D96FCB3006641F9 /* AppDelegate.swift */; };
		CC0944521D96FCB3006641F9 /* Main.storyboard in Resources */ = {isa = PBXBuildFile; fileRef = CC0944501D96FCB3006641F9 /* Main.storyboard */; };
		CC0944541D96FCB3006641F9 /* Assets.xcassets in Resources */ = {isa = PBXBuildFile; fileRef = CC0944531D96FCB3006641F9 /* Assets.xcassets */; };
		CC0944571D96FCB3006641F9 /* LaunchScreen.storyboard in Resources */ = {isa = PBXBuildFile; fileRef = CC0944551D96FCB3006641F9 /* LaunchScreen.storyboard */; };
		CC09445F1D96FD52006641F9 /* CountriesTVC.swift in Sources */ = {isa = PBXBuildFile; fileRef = CC09445E1D96FD52006641F9 /* CountriesTVC.swift */; };
		CC0944611D96FE7E006641F9 /* Countries.plist in Resources */ = {isa = PBXBuildFile; fileRef = CC0944601D96FE7E006641F9 /* Countries.plist */; };
		CC0944631D9701F6006641F9 /* Country.swift in Sources */ = {isa = PBXBuildFile; fileRef = CC0944621D9701F6006641F9 /* Country.swift */; };
		CC0944651D970A35006641F9 /* CountryDetailVC.swift in Sources */ = {isa = PBXBuildFile; fileRef = CC0944641D970A35006641F9 /* CountryDetailVC.swift */; };
		CCF95D951DA00A10000E9AFD /* Connections.swift in Sources */ = {isa = PBXBuildFile; fileRef = CCF95D941DA00A10000E9AFD /* Connections.swift */; };
		CCF95D9B1DA00BF9000E9AFD /* Reachability.m in Sources */ = {isa = PBXBuildFile; fileRef = CCF95D9A1DA00BF9000E9AFD /* Reachability.m */; settings = {COMPILER_FLAGS = "-fno-objc-arc"; }; };
/* End PBXBuildFile section */

/* Begin PBXFileReference section */
		CC0944471D96FCB3006641F9 /* PaisesEnElMundo.app */ = {isa = PBXFileReference; explicitFileType = wrapper.application; includeInIndex = 0; path = PaisesEnElMundo.app; sourceTree = BUILT_PRODUCTS_DIR; };
		CC09444A1D96FCB3006641F9 /* AppDelegate.swift */ = {isa = PBXFileReference; lastKnownFileType = sourcecode.swift; path = AppDelegate.swift; sourceTree = "<group>"; };
		CC0944511D96FCB3006641F9 /* Base */ = {isa = PBXFileReference; lastKnownFileType = file.storyboard; name = Base; path = Base.lproj/Main.storyboard; sourceTree = "<group>"; };
		CC0944531D96FCB3006641F9 /* Assets.xcassets */ = {isa = PBXFileReference; lastKnownFileType = folder.assetcatalog; path = Assets.xcassets; sourceTree = "<group>"; };
		CC0944561D96FCB3006641F9 /* Base */ = {isa = PBXFileReference; lastKnownFileType = file.storyboard; name = Base; path = Base.lproj/LaunchScreen.storyboard; sourceTree = "<group>"; };
		CC0944581D96FCB3006641F9 /* Info.plist */ = {isa = PBXFileReference; lastKnownFileType = text.plist.xml; path = Info.plist; sourceTree = "<group>"; };
		CC09445E1D96FD52006641F9 /* CountriesTVC.swift */ = {isa = PBXFileReference; fileEncoding = 4; lastKnownFileType = sourcecode.swift; path = CountriesTVC.swift; sourceTree = "<group>"; };
		CC0944601D96FE7E006641F9 /* Countries.plist */ = {isa = PBXFileReference; fileEncoding = 4; lastKnownFileType = text.plist.xml; path = Countries.plist; sourceTree = "<group>"; };
		CC0944621D9701F6006641F9 /* Country.swift */ = {isa = PBXFileReference; fileEncoding = 4; lastKnownFileType = sourcecode.swift; path = Country.swift; sourceTree = "<group>"; };
		CC0944641D970A35006641F9 /* CountryDetailVC.swift */ = {isa = PBXFileReference; fileEncoding = 4; lastKnownFileType = sourcecode.swift; path = CountryDetailVC.swift; sourceTree = "<group>"; };
		CCF95D941DA00A10000E9AFD /* Connections.swift */ = {isa = PBXFileReference; fileEncoding = 4; lastKnownFileType = sourcecode.swift; path = Connections.swift; sourceTree = "<group>"; };
		CCF95D981DA00BF8000E9AFD /* PaisesEnElMundo-Bridging-Header.h */ = {isa = PBXFileReference; lastKnownFileType = sourcecode.c.h; path = "PaisesEnElMundo-Bridging-Header.h"; sourceTree = "<group>"; };
		CCF95D991DA00BF9000E9AFD /* Reachability.h */ = {isa = PBXFileReference; fileEncoding = 4; lastKnownFileType = sourcecode.c.h; path = Reachability.h; sourceTree = "<group>"; };
		CCF95D9A1DA00BF9000E9AFD /* Reachability.m */ = {isa = PBXFileReference; fileEncoding = 4; lastKnownFileType = sourcecode.c.objc; path = Reachability.m; sourceTree = "<group>"; };
/* End PBXFileReference section */

/* Begin PBXFrameworksBuildPhase section */
		CC0944441D96FCB3006641F9 /* Frameworks */ = {
			isa = PBXFrameworksBuildPhase;
			buildActionMask = 2147483647;
			files = (
			);
			runOnlyForDeploymentPostprocessing = 0;
		};
/* End PBXFrameworksBuildPhase section */

/* Begin PBXGroup section */
		CC09443E1D96FCB3006641F9 = {
			isa = PBXGroup;
			children = (
				CC0944491D96FCB3006641F9 /* PaisesEnElMundo */,
				CC0944481D96FCB3006641F9 /* Products */,
			);
			sourceTree = "<group>";
		};
		CC0944481D96FCB3006641F9 /* Products */ = {
			isa = PBXGroup;
			children = (
				CC0944471D96FCB3006641F9 /* PaisesEnElMundo.app */,
			);
			name = Products;
			sourceTree = "<group>";
		};
		CC0944491D96FCB3006641F9 /* PaisesEnElMundo */ = {
			isa = PBXGroup;
			children = (
				CC09444A1D96FCB3006641F9 /* AppDelegate.swift */,
				CCF95D961DA00BCD000E9AFD /* ViewControllers */,
				CCF95D971DA00BDD000E9AFD /* Assets */,
				CC0944501D96FCB3006641F9 /* Main.storyboard */,
				CC0944531D96FCB3006641F9 /* Assets.xcassets */,
				CC0944551D96FCB3006641F9 /* LaunchScreen.storyboard */,
				CC0944581D96FCB3006641F9 /* Info.plist */,
			);
			path = PaisesEnElMundo;
			sourceTree = "<group>";
		};
		CCF95D961DA00BCD000E9AFD /* ViewControllers */ = {
			isa = PBXGroup;
			children = (
				CC09445E1D96FD52006641F9 /* CountriesTVC.swift */,
				CC0944641D970A35006641F9 /* CountryDetailVC.swift */,
			);
			name = ViewControllers;
			sourceTree = "<group>";
		};
		CCF95D971DA00BDD000E9AFD /* Assets */ = {
			isa = PBXGroup;
			children = (
				CCF95D991DA00BF9000E9AFD /* Reachability.h */,
				CCF95D9A1DA00BF9000E9AFD /* Reachability.m */,
				CC0944621D9701F6006641F9 /* Country.swift */,
				CCF95D941DA00A10000E9AFD /* Connections.swift */,
				CC0944601D96FE7E006641F9 /* Countries.plist */,
				CCF95D981DA00BF8000E9AFD /* PaisesEnElMundo-Bridging-Header.h */,
			);
			name = Assets;
			sourceTree = "<group>";
		};
/* End PBXGroup section */

/* Begin PBXNativeTarget section */
		CC0944461D96FCB3006641F9 /* PaisesEnElMundo */ = {
			isa = PBXNativeTarget;
			buildConfigurationList = CC09445B1D96FCB3006641F9 /* Build configuration list for PBXNativeTarget "PaisesEnElMundo" */;
			buildPhases = (
				CC0944431D96FCB3006641F9 /* Sources */,
				CC0944441D96FCB3006641F9 /* Frameworks */,
				CC0944451D96FCB3006641F9 /* Resources */,
			);
			buildRules = (
			);
			dependencies = (
			);
			name = PaisesEnElMundo;
			productName = PaisesEnElMundo;
			productReference = CC0944471D96FCB3006641F9 /* PaisesEnElMundo.app */;
			productType = "com.apple.product-type.application";
		};
/* End PBXNativeTarget section */

/* Begin PBXProject section */
		CC09443F1D96FCB3006641F9 /* Project object */ = {
			isa = PBXProject;
			attributes = {
				LastSwiftUpdateCheck = 0800;
				LastUpgradeCheck = 0800;
				ORGANIZATIONNAME = "Hack Institute";
				TargetAttributes = {
					CC0944461D96FCB3006641F9 = {
						CreatedOnToolsVersion = 8.0;
						LastSwiftMigration = 0800;
						ProvisioningStyle = Automatic;
					};
				};
			};
			buildConfigurationList = CC0944421D96FCB3006641F9 /* Build configuration list for PBXProject "PaisesEnElMundo" */;
			compatibilityVersion = "Xcode 3.2";
			developmentRegion = English;
			hasScannedForEncodings = 0;
			knownRegions = (
				en,
				Base,
			);
			mainGroup = CC09443E1D96FCB3006641F9;
			productRefGroup = CC0944481D96FCB3006641F9 /* Products */;
			projectDirPath = "";
			projectRoot = "";
			targets = (
				CC0944461D96FCB3006641F9 /* PaisesEnElMundo */,
			);
		};
/* End PBXProject section */

/* Begin PBXResourcesBuildPhase section */
		CC0944451D96FCB3006641F9 /* Resources */ = {
			isa = PBXResourcesBuildPhase;
			buildActionMask = 2147483647;
			files = (
				CC0944571D96FCB3006641F9 /* LaunchScreen.storyboard in Resources */,
				CC0944611D96FE7E006641F9 /* Countries.plist in Resources */,
				CC0944541D96FCB3006641F9 /* Assets.xcassets in Resources */,
				CC0944521D96FCB3006641F9 /* Main.storyboard in Resources */,
			);
			runOnlyForDeploymentPostprocessing = 0;
		};
/* End PBXResourcesBuildPhase section */

/* Begin PBXSourcesBuildPhase section */
		CC0944431D96FCB3006641F9 /* Sources */ = {
			isa = PBXSourcesBuildPhase;
			buildActionMask = 2147483647;
			files = (
				CC0944651D970A35006641F9 /* CountryDetailVC.swift in Sources */,
				CC09445F1D96FD52006641F9 /* CountriesTVC.swift in Sources */,
				CCF95D951DA00A10000E9AFD /* Connections.swift in Sources */,
				CC0944631D9701F6006641F9 /* Country.swift in Sources */,
				CCF95D9B1DA00BF9000E9AFD /* Reachability.m in Sources */,
				CC09444B1D96FCB3006641F9 /* AppDelegate.swift in Sources */,
			);
			runOnlyForDeploymentPostprocessing = 0;
		};
/* End PBXSourcesBuildPhase section */

/* Begin PBXVariantGroup section */
		CC0944501D96FCB3006641F9 /* Main.storyboard */ = {
			isa = PBXVariantGroup;
			children = (
				CC0944511D96FCB3006641F9 /* Base */,
			);
			name = Main.storyboard;
			sourceTree = "<group>";
		};
		CC0944551D96FCB3006641F9 /* LaunchScreen.storyboard */ = {
			isa = PBXVariantGroup;
			children = (
				CC0944561D96FCB3006641F9 /* Base */,
			);
			name = LaunchScreen.storyboard;
			sourceTree = "<group>";
		};
/* End PBXVariantGroup section */

/* Begin XCBuildConfiguration section */
		CC0944591D96FCB3006641F9 /* Debug */ = {
			isa = XCBuildConfiguration;
			buildSettings = {
				ALWAYS_SEARCH_USER_PATHS = NO;
				CLANG_ANALYZER_NONNULL = YES;
				CLANG_CXX_LANGUAGE_STANDARD = "gnu++0x";
				CLANG_CXX_LIBRARY = "libc++";
				CLANG_ENABLE_MODULES = YES;
				CLANG_ENABLE_OBJC_ARC = YES;
				CLANG_WARN_BOOL_CONVERSION = YES;
				CLANG_WARN_CONSTANT_CONVERSION = YES;
				CLANG_WARN_DIRECT_OBJC_ISA_USAGE = YES_ERROR;
				CLANG_WARN_DOCUMENTATION_COMMENTS = YES;
				CLANG_WARN_EMPTY_BODY = YES;
				CLANG_WARN_ENUM_CONVERSION = YES;
				CLANG_WARN_INFINITE_RECURSION = YES;
				CLANG_WARN_INT_CONVERSION = YES;
				CLANG_WARN_OBJC_ROOT_CLASS = YES_ERROR;
				CLANG_WARN_SUSPICIOUS_MOVES = YES;
				CLANG_WARN_UNREACHABLE_CODE = YES;
				CLANG_WARN__DUPLICATE_METHOD_MATCH = YES;
				"CODE_SIGN_IDENTITY[sdk=iphoneos*]" = "iPhone Developer";
				COPY_PHASE_STRIP = NO;
				DEBUG_INFORMATION_FORMAT = dwarf;
				ENABLE_STRICT_OBJC_MSGSEND = YES;
				ENABLE_TESTABILITY = YES;
				GCC_C_LANGUAGE_STANDARD = gnu99;
				GCC_DYNAMIC_NO_PIC = NO;
				GCC_NO_COMMON_BLOCKS = YES;
				GCC_OPTIMIZATION_LEVEL = 0;
				GCC_PREPROCESSOR_DEFINITIONS = (
					"DEBUG=1",
					"$(inherited)",
				);
				GCC_WARN_64_TO_32_BIT_CONVERSION = YES;
				GCC_WARN_ABOUT_RETURN_TYPE = YES_ERROR;
				GCC_WARN_UNDECLARED_SELECTOR = YES;
				GCC_WARN_UNINITIALIZED_AUTOS = YES_AGGRESSIVE;
				GCC_WARN_UNUSED_FUNCTION = YES;
				GCC_WARN_UNUSED_VARIABLE = YES;
				IPHONEOS_DEPLOYMENT_TARGET = 10.0;
				MTL_ENABLE_DEBUG_INFO = YES;
				ONLY_ACTIVE_ARCH = YES;
				SDKROOT = iphoneos;
				SWIFT_ACTIVE_COMPILATION_CONDITIONS = DEBUG;
				SWIFT_OPTIMIZATION_LEVEL = "-Onone";
			};
			name = Debug;
		};
		CC09445A1D96FCB3006641F9 /* Release */ = {
			isa = XCBuildConfiguration;
			buildSettings = {
				ALWAYS_SEARCH_USER_PATHS = NO;
				CLANG_ANALYZER_NONNULL = YES;
				CLANG_CXX_LANGUAGE_STANDARD = "gnu++0x";
				CLANG_CXX_LIBRARY = "libc++";
				CLANG_ENABLE_MODULES = YES;
				CLANG_ENABLE_OBJC_ARC = YES;
				CLANG_WARN_BOOL_CONVERSION = YES;
				CLANG_WARN_CONSTANT_CONVERSION = YES;
				CLANG_WARN_DIRECT_OBJC_ISA_USAGE = YES_ERROR;
				CLANG_WARN_DOCUMENTATION_COMMENTS = YES;
				CLANG_WARN_EMPTY_BODY = YES;
				CLANG_WARN_ENUM_CONVERSION = YES;
				CLANG_WARN_INFINITE_RECURSION = YES;
				CLANG_WARN_INT_CONVERSION = YES;
				CLANG_WARN_OBJC_ROOT_CLASS = YES_ERROR;
				CLANG_WARN_SUSPICIOUS_MOVES = YES;
				CLANG_WARN_UNREACHABLE_CODE = YES;
				CLANG_WARN__DUPLICATE_METHOD_MATCH = YES;
				"CODE_SIGN_IDENTITY[sdk=iphoneos*]" = "iPhone Developer";
				COPY_PHASE_STRIP = NO;
				DEBUG_INFORMATION_FORMAT = "dwarf-with-dsym";
				ENABLE_NS_ASSERTIONS = NO;
				ENABLE_STRICT_OBJC_MSGSEND = YES;
				GCC_C_LANGUAGE_STANDARD = gnu99;
				GCC_NO_COMMON_BLOCKS = YES;
				GCC_WARN_64_TO_32_BIT_CONVERSION = YES;
				GCC_WARN_ABOUT_RETURN_TYPE = YES_ERROR;
				GCC_WARN_UNDECLARED_SELECTOR = YES;
				GCC_WARN_UNINITIALIZED_AUTOS = YES_AGGRESSIVE;
				GCC_WARN_UNUSED_FUNCTION = YES;
				GCC_WARN_UNUSED_VARIABLE = YES;
				IPHONEOS_DEPLOYMENT_TARGET = 10.0;
				MTL_ENABLE_DEBUG_INFO = NO;
				SDKROOT = iphoneos;
				SWIFT_OPTIMIZATION_LEVEL = "-Owholemodule";
				VALIDATE_PRODUCT = YES;
			};
			name = Release;
		};
		CC09445C1D96FCB3006641F9 /* Debug */ = {
			isa = XCBuildConfiguration;
			buildSettings = {
				ASSETCATALOG_COMPILER_APPICON_NAME = AppIcon;
				CLANG_ENABLE_MODULES = YES;
				INFOPLIST_FILE = PaisesEnElMundo/Info.plist;
				LD_RUNPATH_SEARCH_PATHS = "$(inherited) @executable_path/Frameworks";
				PRODUCT_BUNDLE_IDENTIFIER = mx.hackinstitute.PaisesEnElMundo;
				PRODUCT_NAME = "$(TARGET_NAME)";
				SWIFT_OBJC_BRIDGING_HEADER = "PaisesEnElMundo/PaisesEnElMundo-Bridging-Header.h";
				SWIFT_OPTIMIZATION_LEVEL = "-Onone";
				SWIFT_VERSION = 3.0;
			};
			name = Debug;
		};
		CC09445D1D96FCB3006641F9 /* Release */ = {
			isa = XCBuildConfiguration;
			buildSettings = {
				ASSETCATALOG_COMPILER_APPICON_NAME = AppIcon;
				CLANG_ENABLE_MODULES = YES;
				INFOPLIST_FILE = PaisesEnElMundo/Info.plist;
				LD_RUNPATH_SEARCH_PATHS = "$(inherited) @executable_path/Frameworks";
				PRODUCT_BUNDLE_IDENTIFIER = mx.hackinstitute.PaisesEnElMundo;
				PRODUCT_NAME = "$(TARGET_NAME)";
				SWIFT_OBJC_BRIDGING_HEADER = "PaisesEnElMundo/PaisesEnElMundo-Bridging-Header.h";
				SWIFT_VERSION = 3.0;
			};
			name = Release;
		};
/* End XCBuildConfiguration section */

/* Begin XCConfigurationList section */
		CC0944421D96FCB3006641F9 /* Build configuration list for PBXProject "PaisesEnElMundo" */ = {
			isa = XCConfigurationList;
			buildConfigurations = (
				CC0944591D96FCB3006641F9 /* Debug */,
				CC09445A1D96FCB3006641F9 /* Release */,
			);
			defaultConfigurationIsVisible = 0;
			defaultConfigurationName = Release;
		};
		CC09445B1D96FCB3006641F9 /* Build configuration list for PBXNativeTarget "PaisesEnElMundo" */ = {
			isa = XCConfigurationList;
			buildConfigurations = (
				CC09445C1D96FCB3006641F9 /* Debug */,
				CC09445D1D96FCB3006641F9 /* Release */,
			);
			defaultConfigurationIsVisible = 0;
			defaultConfigurationName = Release;
		};
/* End XCConfigurationList section */
	};
	rootObject = CC09443F1D96FCB3006641F9 /* Project object */;
}
